# This file was autogenerated by Stack.
# You should not edit this file by hand.
# For more information, please see the documentation at:
#   https://docs.haskellstack.org/en/stable/lock_files

packages:
- completed:
    hackage: resource-pool-0.3.0.0@sha256:b47dca24af48001d8247cc8a38cd09f148e9b22d959b845bbdb43ebf47ab072a,1280
    pantry-tree:
      size: 406
      sha256: 3f32d8e8bb2e68d5d28ed7fd8d960f6c3df95400dd43d68c9b26fdc342a2e9ea
  original:
    hackage: resource-pool-0.3.0.0@sha256:b47dca24af48001d8247cc8a38cd09f148e9b22d959b845bbdb43ebf47ab072a,1280
snapshots:
- completed:
    size: 618951
    url: https://raw.githubusercontent.com/commercialhaskell/stackage-snapshots/master/lts/19/14.yaml
    sha256: 4c31d4ef975b0211078862566aedf3b82b6cea569fc2cde4c72a51e5a8d236ce
  original: lts-19.14
